
Microsoft Visual Studio Solution File, Format Version 11.00
# Visual Studio 2010
Project("{FAE04EC0-301F-11D3-BF4B-00C04F79EFBC}") = "RestService1.Client", "RestService1\RestService1.Client\RestService1.Client.csproj", "{D34435C6-C198-42AD-92A3-CD526680EEE0}"
EndProject
Project("{FAE04EC0-301F-11D3-BF4B-00C04F79EFBC}") = "RestService1.Entities", "RestService1\RestService1.Entities\RestService1.Entities.csproj", "{29B9B64F-8E1B-4C71-A4E4-EB624D2C1339}"
EndProject
Project("{FAE04EC0-301F-11D3-BF4B-00C04F79EFBC}") = "RestService1.Service", "RestService1\RestService1.Service\RestService1.Service.csproj", "{9682613C-9C5C-4CC4-8525-770F2D0FD24B}"
EndProject
Project("{FAE04EC0-301F-11D3-BF4B-00C04F79EFBC}") = "RestService1.Web", "RestService1\RestService1.Web\RestService1.Web.csproj", "{BAAAFB02-A8D1-423E-A298-A9BD6125D93C}"
EndProject
Global
	GlobalSection(SolutionConfigurationPlatforms) = preSolution
		Debug|Any CPU = Debug|Any CPU
		Debug|Mixed Platforms = Debug|Mixed Platforms
		Debug|x86 = Debug|x86
		Release|Any CPU = Release|Any CPU
		Release|Mixed Platforms = Release|Mixed Platforms
		Release|x86 = Release|x86
	EndGlobalSection
	GlobalSection(ProjectConfigurationPlatforms) = postSolution
		{D34435C6-C198-42AD-92A3-CD526680EEE0}.Debug|Any CPU.ActiveCfg = Debug|x86
		{D34435C6-C198-42AD-92A3-CD526680EEE0}.Debug|Mixed Platforms.ActiveCfg = Debug|x86
		{D34435C6-C198-42AD-92A3-CD526680EEE0}.Debug|Mixed Platforms.Build.0 = Debug|x86
		{D34435C6-C198-42AD-92A3-CD526680EEE0}.Debug|x86.ActiveCfg = Debug|x86
		{D34435C6-C198-42AD-92A3-CD526680EEE0}.Debug|x86.Build.0 = Debug|x86
		{D34435C6-C198-42AD-92A3-CD526680EEE0}.Release|Any CPU.ActiveCfg = Release|x86
		{D34435C6-C198-42AD-92A3-CD526680EEE0}.Release|Mixed Platforms.ActiveCfg = Release|x86
		{D34435C6-C198-42AD-92A3-CD526680EEE0}.Release|Mixed Platforms.Build.0 = Release|x86
		{D34435C6-C198-42AD-92A3-CD526680EEE0}.Release|x86.ActiveCfg = Release|x86
		{D34435C6-C198-42AD-92A3-CD526680EEE0}.Release|x86.Build.0 = Release|x86
		{29B9B64F-8E1B-4C71-A4E4-EB624D2C1339}.Debug|Any CPU.ActiveCfg = Debug|Any CPU
		{29B9B64F-8E1B-4C71-A4E4-EB624D2C1339}.Debug|Any CPU.Build.0 = Debug|Any CPU
		{29B9B64F-8E1B-4C71-A4E4-EB624D2C1339}.Debug|Mixed Platforms.ActiveCfg = Debug|Any CPU
		{29B9B64F-8E1B-4C71-A4E4-EB624D2C1339}.Debug|Mixed Platforms.Build.0 = Debug|Any CPU
		{29B9B64F-8E1B-4C71-A4E4-EB624D2C1339}.Debug|x86.ActiveCfg = Debug|Any CPU
		{29B9B64F-8E1B-4C71-A4E4-EB624D2C1339}.Release|Any CPU.ActiveCfg = Release|Any CPU
		{29B9B64F-8E1B-4C71-A4E4-EB624D2C1339}.Release|Any CPU.Build.0 = Release|Any CPU
		{29B9B64F-8E1B-4C71-A4E4-EB624D2C1339}.Release|Mixed Platforms.ActiveCfg = Release|Any CPU
		{29B9B64F-8E1B-4C71-A4E4-EB624D2C1339}.Release|Mixed Platforms.Build.0 = Release|Any CPU
		{29B9B64F-8E1B-4C71-A4E4-EB624D2C1339}.Release|x86.ActiveCfg = Release|Any CPU
		{9682613C-9C5C-4CC4-8525-770F2D0FD24B}.Debug|Any CPU.ActiveCfg = Debug|Any CPU
		{9682613C-9C5C-4CC4-8525-770F2D0FD24B}.Debug|Any CPU.Build.0 = Debug|Any CPU
		{9682613C-9C5C-4CC4-8525-770F2D0FD24B}.Debug|Mixed Platforms.ActiveCfg = Debug|Any CPU
		{9682613C-9C5C-4CC4-8525-770F2D0FD24B}.Debug|Mixed Platforms.Build.0 = Debug|Any CPU
		{9682613C-9C5C-4CC4-8525-770F2D0FD24B}.Debug|x86.ActiveCfg = Debug|Any CPU
		{9682613C-9C5C-4CC4-8525-770F2D0FD24B}.Release|Any CPU.ActiveCfg = Release|Any CPU
		{9682613C-9C5C-4CC4-8525-770F2D0FD24B}.Release|Any CPU.Build.0 = Release|Any CPU
		{9682613C-9C5C-4CC4-8525-770F2D0FD24B}.Release|Mixed Platforms.ActiveCfg = Release|Any CPU
		{9682613C-9C5C-4CC4-8525-770F2D0FD24B}.Release|Mixed Platforms.Build.0 = Release|Any CPU
		{9682613C-9C5C-4CC4-8525-770F2D0FD24B}.Release|x86.ActiveCfg = Release|Any CPU
		{BAAAFB02-A8D1-423E-A298-A9BD6125D93C}.Debug|Any CPU.ActiveCfg = Debug|Any CPU
		{BAAAFB02-A8D1-423E-A298-A9BD6125D93C}.Debug|Any CPU.Build.0 = Debug|Any CPU
		{BAAAFB02-A8D1-423E-A298-A9BD6125D93C}.Debug|Mixed Platforms.ActiveCfg = Debug|Any CPU
		{BAAAFB02-A8D1-423E-A298-A9BD6125D93C}.Debug|Mixed Platforms.Build.0 = Debug|Any CPU
		{BAAAFB02-A8D1-423E-A298-A9BD6125D93C}.Debug|x86.ActiveCfg = Debug|Any CPU
		{BAAAFB02-A8D1-423E-A298-A9BD6125D93C}.Release|Any CPU.ActiveCfg = Release|Any CPU
		{BAAAFB02-A8D1-423E-A298-A9BD6125D93C}.Release|Any CPU.Build.0 = Release|Any CPU
		{BAAAFB02-A8D1-423E-A298-A9BD6125D93C}.Release|Mixed Platforms.ActiveCfg = Release|Any CPU
		{BAAAFB02-A8D1-423E-A298-A9BD6125D93C}.Release|Mixed Platforms.Build.0 = Release|Any CPU
		{BAAAFB02-A8D1-423E-A298-A9BD6125D93C}.Release|x86.ActiveCfg = Release|Any CPU
	EndGlobalSection
	GlobalSection(SolutionProperties) = preSolution
		HideSolutionNode = FALSE
	EndGlobalSection
EndGlobal
